// !$*UTF8*$!
{
	archiveVersion = 1;
	classes = {
	};
	objectVersion = 52;
	objects = {

/* Begin PBXBuildFile section */
		A158CB2225CE037F00A1AB4B /* YoutubePlayer in Frameworks */ = {isa = PBXBuildFile; productRef = A158CB2125CE037F00A1AB4B /* YoutubePlayer */; };
		A16F781325CCB7E900007630 /* AppDelegate.swift in Sources */ = {isa = PBXBuildFile; fileRef = A16F781225CCB7E900007630 /* AppDelegate.swift */; };
		A16F781525CCB7E900007630 /* SceneDelegate.swift in Sources */ = {isa = PBXBuildFile; fileRef = A16F781425CCB7E900007630 /* SceneDelegate.swift */; };
		A16F781725CCB7E900007630 /* ViewController.swift in Sources */ = {isa = PBXBuildFile; fileRef = A16F781625CCB7E900007630 /* ViewController.swift */; };
		A16F781A25CCB7E900007630 /* Main.storyboard in Resources */ = {isa = PBXBuildFile; fileRef = A16F781825CCB7E900007630 /* Main.storyboard */; };
		A16F781C25CCB7EB00007630 /* Assets.xcassets in Resources */ = {isa = PBXBuildFile; fileRef = A16F781B25CCB7EB00007630 /* Assets.xcassets */; };
		A16F781F25CCB7EB00007630 /* LaunchScreen.storyboard in Resources */ = {isa = PBXBuildFile; fileRef = A16F781D25CCB7EB00007630 /* LaunchScreen.storyboard */; };
/* End PBXBuildFile section */

/* Begin PBXFileReference section */
		A158CB1E25CE036400A1AB4B /* YoutubePlayer */ = {isa = PBXFileReference; lastKnownFileType = folder; name = YoutubePlayer; path = ..; sourceTree = "<group>"; };
		A16F780F25CCB7E900007630 /* YoutubePlayerExample.app */ = {isa = PBXFileReference; explicitFileType = wrapper.application; includeInIndex = 0; path = YoutubePlayerExample.app; sourceTree = BUILT_PRODUCTS_DIR; };
		A16F781225CCB7E900007630 /* AppDelegate.swift */ = {isa = PBXFileReference; lastKnownFileType = sourcecode.swift; path = AppDelegate.swift; sourceTree = "<group>"; };
		A16F781425CCB7E900007630 /* SceneDelegate.swift */ = {isa = PBXFileReference; lastKnownFileType = sourcecode.swift; path = SceneDelegate.swift; sourceTree = "<group>"; };
		A16F781625CCB7E900007630 /* ViewController.swift */ = {isa = PBXFileReference; lastKnownFileType = sourcecode.swift; path = ViewController.swift; sourceTree = "<group>"; };
		A16F781925CCB7E900007630 /* Base */ = {isa = PBXFileReference; lastKnownFileType = file.storyboard; name = Base; path = Base.lproj/Main.storyboard; sourceTree = "<group>"; };
		A16F781B25CCB7EB00007630 /* Assets.xcassets */ = {isa = PBXFileReference; lastKnownFileType = folder.assetcatalog; path = Assets.xcassets; sourceTree = "<group>"; };
		A16F781E25CCB7EB00007630 /* Base */ = {isa = PBXFileReference; lastKnownFileType = file.storyboard; name = Base; path = Base.lproj/LaunchScreen.storyboard; sourceTree = "<group>"; };
		A16F782025CCB7EB00007630 /* Info.plist */ = {isa = PBXFileReference; lastKnownFileType = text.plist.xml; path = Info.plist; sourceTree = "<group>"; };
/* End PBXFileReference section */

/* Begin PBXFrameworksBuildPhase section */
		A16F780C25CCB7E900007630 /* Frameworks */ = {
			isa = PBXFrameworksBuildPhase;
			buildActionMask = 2147483647;
			files = (
				A158CB2225CE037F00A1AB4B /* YoutubePlayer in Frameworks */,
			);
			runOnlyForDeploymentPostprocessing = 0;
		};
/* End PBXFrameworksBuildPhase section */

/* Begin PBXGroup section */
		A158CB2025CE037F00A1AB4B /* Frameworks */ = {
			isa = PBXGroup;
			children = (
			);
			name = Frameworks;
			sourceTree = "<group>";
		};
		A16F780625CCB7E900007630 = {
			isa = PBXGroup;
			children = (
				A158CB1E25CE036400A1AB4B /* YoutubePlayer */,
				A16F781125CCB7E900007630 /* YoutubePlayerExample */,
				A16F781025CCB7E900007630 /* Products */,
				A158CB2025CE037F00A1AB4B /* Frameworks */,
			);
			sourceTree = "<group>";
		};
		A16F781025CCB7E900007630 /* Products */ = {
			isa = PBXGroup;
			children = (
				A16F780F25CCB7E900007630 /* YoutubePlayerExample.app */,
			);
			name = Products;
			sourceTree = "<group>";
		};
		A16F781125CCB7E900007630 /* YoutubePlayerExample */ = {
			isa = PBXGroup;
			children = (
				A16F781225CCB7E900007630 /* AppDelegate.swift */,
				A16F781425CCB7E900007630 /* SceneDelegate.swift */,
				A16F781625CCB7E900007630 /* ViewController.swift */,
				A16F781825CCB7E900007630 /* Main.storyboard */,
				A16F781B25CCB7EB00007630 /* Assets.xcassets */,
				A16F781D25CCB7EB00007630 /* LaunchScreen.storyboard */,
				A16F782025CCB7EB00007630 /* Info.plist */,
			);
			path = YoutubePlayerExample;
			sourceTree = "<group>";
		};
/* End PBXGroup section */

/* Begin PBXNativeTarget section */
		A16F780E25CCB7E900007630 /* YoutubePlayerExample */ = {
			isa = PBXNativeTarget;
			buildConfigurationList = A16F782325CCB7EB00007630 /* Build configuration list for PBXNativeTarget "YoutubePlayerExample" */;
			buildPhases = (
				A16F780B25CCB7E900007630 /* Sources */,
				A16F780C25CCB7E900007630 /* Frameworks */,
				A16F780D25CCB7E900007630 /* Resources */,
			);
			buildRules = (
			);
			dependencies = (
			);
			name = YoutubePlayerExample;
			packageProductDependencies = (
				A158CB2125CE037F00A1AB4B /* YoutubePlayer */,
			);
			productName = YoutubePlayerExample;
			productReference = A16F780F25CCB7E900007630 /* YoutubePlayerExample.app */;
			productType = "com.apple.product-type.application";
		};
/* End PBXNativeTarget section */

/* Begin PBXProject section */
		A16F780725CCB7E900007630 /* Project object */ = {
			isa = PBXProject;
			attributes = {
				LastSwiftUpdateCheck = 1240;
				LastUpgradeCheck = 1240;
				TargetAttributes = {
					A16F780E25CCB7E900007630 = {
						CreatedOnToolsVersion = 12.4;
					};
				};
			};
			buildConfigurationList = A16F780A25CCB7E900007630 /* Build configuration list for PBXProject "YoutubePlayerExample" */;
			compatibilityVersion = "Xcode 9.3";
			developmentRegion = en;
			hasScannedForEncodings = 0;
			knownRegions = (
				en,
				Base,
			);
			mainGroup = A16F780625CCB7E900007630;
			packageReferences = (
			);
			productRefGroup = A16F781025CCB7E900007630 /* Products */;
			projectDirPath = "";
			projectRoot = "";
			targets = (
				A16F780E25CCB7E900007630 /* YoutubePlayerExample */,
			);
		};
/* End PBXProject section */

/* Begin PBXResourcesBuildPhase section */
		A16F780D25CCB7E900007630 /* Resources */ = {
			isa = PBXResourcesBuildPhase;
			buildActionMask = 2147483647;
			files = (
				A16F781F25CCB7EB00007630 /* LaunchScreen.storyboard in Resources */,
				A16F781C25CCB7EB00007630 /* Assets.xcassets in Resources */,
				A16F781A25CCB7E900007630 /* Main.storyboard in Resources */,
			);
			runOnlyForDeploymentPostprocessing = 0;
		};
/* End PBXResourcesBuildPhase section */

/* Begin PBXSourcesBuildPhase section */
		A16F780B25CCB7E900007630 /* Sources */ = {
			isa = PBXSourcesBuildPhase;
			buildActionMask = 2147483647;
			files = (
				A16F781725CCB7E900007630 /* ViewController.swift in Sources */,
				A16F781325CCB7E900007630 /* AppDelegate.swift in Sources */,
				A16F781525CCB7E900007630 /* SceneDelegate.swift in Sources */,
			);
			runOnlyForDeploymentPostprocessing = 0;
		};
/* End PBXSourcesBuildPhase section */

/* Begin PBXVariantGroup section */
		A16F781825CCB7E900007630 /* Main.storyboard */ = {
			isa = PBXVariantGroup;
			children = (
				A16F781925CCB7E900007630 /* Base */,
			);
			name = Main.storyboard;
			sourceTree = "<group>";
		};
		A16F781D25CCB7EB00007630 /* LaunchScreen.storyboard */ = {
			isa = PBXVariantGroup;
			children = (
				A16F781E25CCB7EB00007630 /* Base */,
			);
			name = LaunchScreen.storyboard;
			sourceTree = "<group>";
		};
/* End PBXVariantGroup section */

/* Begin XCBuildConfiguration section */
		A16F782125CCB7EB00007630 /* Debug */ = {
			isa = XCBuildConfiguration;
			buildSettings = {
				ALWAYS_SEARCH_USER_PATHS = NO;
				CLANG_ANALYZER_NONNULL = YES;
				CLANG_ANALYZER_NUMBER_OBJECT_CONVERSION = YES_AGGRESSIVE;
				CLANG_CXX_LANGUAGE_STANDARD = "gnu++14";
				CLANG_CXX_LIBRARY = "libc++";
				CLANG_ENABLE_MODULES = YES;
				CLANG_ENABLE_OBJC_ARC = YES;
				CLANG_ENABLE_OBJC_WEAK = YES;
				CLANG_WARN_BLOCK_CAPTURE_AUTORELEASING = YES;
				CLANG_WARN_BOOL_CONVERSION = YES;
				CLANG_WARN_COMMA = YES;
				CLANG_WARN_CONSTANT_CONVERSION = YES;
				CLANG_WARN_DEPRECATED_OBJC_IMPLEMENTATIONS = YES;
				CLANG_WARN_DIRECT_OBJC_ISA_USAGE = YES_ERROR;
				CLANG_WARN_DOCUMENTATION_COMMENTS = YES;
				CLANG_WARN_EMPTY_BODY = YES;
				CLANG_WARN_ENUM_CONVERSION = YES;
				CLANG_WARN_INFINITE_RECURSION = YES;
				CLANG_WARN_INT_CONVERSION = YES;
				CLANG_WARN_NON_LITERAL_NULL_CONVERSION = YES;
				CLANG_WARN_OBJC_IMPLICIT_RETAIN_SELF = YES;
				CLANG_WARN_OBJC_LITERAL_CONVERSION = YES;
				CLANG_WARN_OBJC_ROOT_CLASS = YES_ERROR;
				CLANG_WARN_QUOTED_INCLUDE_IN_FRAMEWORK_HEADER = YES;
				CLANG_WARN_RANGE_LOOP_ANALYSIS = YES;
				CLANG_WARN_STRICT_PROTOTYPES = YES;
				CLANG_WARN_SUSPICIOUS_MOVE = YES;
				CLANG_WARN_UNGUARDED_AVAILABILITY = YES_AGGRESSIVE;
				CLANG_WARN_UNREACHABLE_CODE = YES;
				CLANG_WARN__DUPLICATE_METHOD_MATCH = YES;
				COPY_PHASE_STRIP = NO;
				DEBUG_INFORMATION_FORMAT = dwarf;
				ENABLE_STRICT_OBJC_MSGSEND = YES;
				ENABLE_TESTABILITY = YES;
				GCC_C_LANGUAGE_STANDARD = gnu11;
				GCC_DYNAMIC_NO_PIC = NO;
				GCC_NO_COMMON_BLOCKS = YES;
				GCC_OPTIMIZATION_LEVEL = 0;
				GCC_PREPROCESSOR_DEFINITIONS = (
					"DEBUG=1",
					"$(inherited)",
				);
				GCC_WARN_64_TO_32_BIT_CONVERSION = YES;
				GCC_WARN_ABOUT_RETURN_TYPE = YES_ERROR;
				GCC_WARN_UNDECLARED_SELECTOR = YES;
				GCC_WARN_UNINITIALIZED_AUTOS = YES_AGGRESSIVE;
				GCC_WARN_UNUSED_FUNCTION = YES;
				GCC_WARN_UNUSED_VARIABLE = YES;
				IPHONEOS_DEPLOYMENT_TARGET = 14.4;
				MTL_ENABLE_DEBUG_INFO = INCLUDE_SOURCE;
				MTL_FAST_MATH = YES;
				ONLY_ACTIVE_ARCH = YES;
				SDKROOT = iphoneos;
				SWIFT_ACTIVE_COMPILATION_CONDITIONS = DEBUG;
				SWIFT_OPTIMIZATION_LEVEL = "-Onone";
			};
			name = Debug;
		};
		A16F782225CCB7EB00007630 /* Release */ = {
			isa = XCBuildConfiguration;
			buildSettings = {
				ALWAYS_SEARCH_USER_PATHS = NO;
				CLANG_ANALYZER_NONNULL = YES;
				CLANG_ANALYZER_NUMBER_OBJECT_CONVERSION = YES_AGGRESSIVE;
				CLANG_CXX_LANGUAGE_STANDARD = "gnu++14";
				CLANG_CXX_LIBRARY = "libc++";
				CLANG_ENABLE_MODULES = YES;
				CLANG_ENABLE_OBJC_ARC = YES;
				CLANG_ENABLE_OBJC_WEAK = YES;
				CLANG_WARN_BLOCK_CAPTURE_AUTORELEASING = YES;
				CLANG_WARN_BOOL_CONVERSION = YES;
				CLANG_WARN_COMMA = YES;
				CLANG_WARN_CONSTANT_CONVERSION = YES;
				CLANG_WARN_DEPRECATED_OBJC_IMPLEMENTATIONS = YES;
				CLANG_WARN_DIRECT_OBJC_ISA_USAGE = YES_ERROR;
				CLANG_WARN_DOCUMENTATION_COMMENTS = YES;
				CLANG_WARN_EMPTY_BODY = YES;
				CLANG_WARN_ENUM_CONVERSION = YES;
				CLANG_WARN_INFINITE_RECURSION = YES;
				CLANG_WARN_INT_CONVERSION = YES;
				CLANG_WARN_NON_LITERAL_NULL_CONVERSION = YES;
				CLANG_WARN_OBJC_IMPLICIT_RETAIN_SELF = YES;
				CLANG_WARN_OBJC_LITERAL_CONVERSION = YES;
				CLANG_WARN_OBJC_ROOT_CLASS = YES_ERROR;
				CLANG_WARN_QUOTED_INCLUDE_IN_FRAMEWORK_HEADER = YES;
				CLANG_WARN_RANGE_LOOP_ANALYSIS = YES;
				CLANG_WARN_STRICT_PROTOTYPES = YES;
				CLANG_WARN_SUSPICIOUS_MOVE = YES;
				CLANG_WARN_UNGUARDED_AVAILABILITY = YES_AGGRESSIVE;
				CLANG_WARN_UNREACHABLE_CODE = YES;
				CLANG_WARN__DUPLICATE_METHOD_MATCH = YES;
				COPY_PHASE_STRIP = NO;
				DEBUG_INFORMATION_FORMAT = "dwarf-with-dsym";
				ENABLE_NS_ASSERTIONS = NO;
				ENABLE_STRICT_OBJC_MSGSEND = YES;
				GCC_C_LANGUAGE_STANDARD = gnu11;
				GCC_NO_COMMON_BLOCKS = YES;
				GCC_WARN_64_TO_32_BIT_CONVERSION = YES;
				GCC_WARN_ABOUT_RETURN_TYPE = YES_ERROR;
				GCC_WARN_UNDECLARED_SELECTOR = YES;
				GCC_WARN_UNINITIALIZED_AUTOS = YES_AGGRESSIVE;
				GCC_WARN_UNUSED_FUNCTION = YES;
				GCC_WARN_UNUSED_VARIABLE = YES;
				IPHONEOS_DEPLOYMENT_TARGET = 14.4;
				MTL_ENABLE_DEBUG_INFO = NO;
				MTL_FAST_MATH = YES;
				SDKROOT = iphoneos;
				SWIFT_COMPILATION_MODE = wholemodule;
				SWIFT_OPTIMIZATION_LEVEL = "-O";
				VALIDATE_PRODUCT = YES;
			};
			name = Release;
		};
		A16F782425CCB7EB00007630 /* Debug */ = {
			isa = XCBuildConfiguration;
			buildSettings = {
				ASSETCATALOG_COMPILER_APPICON_NAME = AppIcon;
				ASSETCATALOG_COMPILER_GLOBAL_ACCENT_COLOR_NAME = AccentColor;
				CODE_SIGN_STYLE = Automatic;
				DEVELOPMENT_TEAM = MJ3YL88857;
				INFOPLIST_FILE = YoutubePlayerExample/Info.plist;
				LD_RUNPATH_SEARCH_PATHS = (
					"$(inherited)",
					"@executable_path/Frameworks",
				);
				PRODUCT_BUNDLE_IDENTIFIER = com.youtubeplayer.YoutubePlayerExample;
				PRODUCT_NAME = "$(TARGET_NAME)";
				SWIFT_VERSION = 5.0;
				TARGETED_DEVICE_FAMILY = "1,2";
			};
			name = Debug;
		};
		A16F782525CCB7EB00007630 /* Release */ = {
			isa = XCBuildConfiguration;
			buildSettings = {
				ASSETCATALOG_COMPILER_APPICON_NAME = AppIcon;
				ASSETCATALOG_COMPILER_GLOBAL_ACCENT_COLOR_NAME = AccentColor;
				CODE_SIGN_STYLE = Automatic;
				DEVELOPMENT_TEAM = MJ3YL88857;
				INFOPLIST_FILE = YoutubePlayerExample/Info.plist;
				LD_RUNPATH_SEARCH_PATHS = (
					"$(inherited)",
					"@executable_path/Frameworks",
				);
				PRODUCT_BUNDLE_IDENTIFIER = com.youtubeplayer.YoutubePlayerExample;
				PRODUCT_NAME = "$(TARGET_NAME)";
				SWIFT_VERSION = 5.0;
				TARGETED_DEVICE_FAMILY = "1,2";
			};
			name = Release;
		};
/* End XCBuildConfiguration section */

/* Begin XCConfigurationList section */
		A16F780A25CCB7E900007630 /* Build configuration list for PBXProject "YoutubePlayerExample" */ = {
			isa = XCConfigurationList;
			buildConfigurations = (
				A16F782125CCB7EB00007630 /* Debug */,
				A16F782225CCB7EB00007630 /* Release */,
			);
			defaultConfigurationIsVisible = 0;
			defaultConfigurationName = Release;
		};
		A16F782325CCB7EB00007630 /* Build configuration list for PBXNativeTarget "YoutubePlayerExample" */ = {
			isa = XCConfigurationList;
			buildConfigurations = (
				A16F782425CCB7EB00007630 /* Debug */,
				A16F782525CCB7EB00007630 /* Release */,
			);
			defaultConfigurationIsVisible = 0;
			defaultConfigurationName = Release;
		};
/* End XCConfigurationList section */

/* Begin XCSwiftPackageProductDependency section */
		A158CB2125CE037F00A1AB4B /* YoutubePlayer */ = {
			isa = XCSwiftPackageProductDependency;
			productName = YoutubePlayer;
		};
/* End XCSwiftPackageProductDependency section */
	};
	rootObject = A16F780725CCB7E900007630 /* Project object */;
}
